
Microsoft Visual Studio Solution File, Format Version 12.00
# Visual Studio Version 16
VisualStudioVersion = 16.0.30320.27
MinimumVisualStudioVersion = 10.0.40219.1
Project("{FAE04EC0-301F-11D3-BF4B-00C04F79EFBC}") = "MobileShop.Online", "MobileShop.Online\MobileShop.Online.csproj", "{B97DCD74-3B32-4AF1-8281-03B857C546BC}"
EndProject
Global
	GlobalSection(SolutionConfigurationPlatforms) = preSolution
		Debug|Any CPU = Debug|Any CPU
		Release|Any CPU = Release|Any CPU
	EndGlobalSection
	GlobalSection(ProjectConfigurationPlatforms) = postSolution
		{B97DCD74-3B32-4AF1-8281-03B857C546BC}.Debug|Any CPU.ActiveCfg = Debug|Any CPU
		{B97DCD74-3B32-4AF1-8281-03B857C546BC}.Debug|Any CPU.Build.0 = Debug|Any CPU
		{B97DCD74-3B32-4AF1-8281-03B857C546BC}.Release|Any CPU.ActiveCfg = Release|Any CPU
		{B97DCD74-3B32-4AF1-8281-03B857C546BC}.Release|Any CPU.Build.0 = Release|Any CPU
	EndGlobalSection
	GlobalSection(SolutionProperties) = preSolution
		HideSolutionNode = FALSE
	EndGlobalSection
	GlobalSection(ExtensibilityGlobals) = postSolution
		SolutionGuid = {44F97C18-EC38-40B5-AC74-5C0FE06FDEA7}
	EndGlobalSection
EndGlobal
